
Microsoft Visual Studio Solution File, Format Version 12.00
# Visual Studio Version 17
VisualStudioVersion = 17.5.002.0
MinimumVisualStudioVersion = 10.0.40219.1
Project("{2150E333-8FDC-42A3-9474-1A3956D46DE8}") = "Week06", "Week06", "{75C02483-3879-4241-91F9-7C1EA3F7A7FE}"
EndProject
Project("{FAE04EC0-301F-11D3-BF4B-00C04F79EFBC}") = "Polymorphism", "Week06\Polymorphism\Polymorphism.csproj", "{2C53C46C-B8D8-4B97-BB35-AC29340EF536}"
EndProject
Project("{FAE04EC0-301F-11D3-BF4B-00C04F79EFBC}") = "Interface", "Week06\Interface\Interface.csproj", "{95E4C641-39AB-4F62-AD4B-FD475EE74FB7}"
EndProject
Global
	GlobalSection(SolutionConfigurationPlatforms) = preSolution
		Debug|Any CPU = Debug|Any CPU
		Release|Any CPU = Release|Any CPU
	EndGlobalSection
	GlobalSection(ProjectConfigurationPlatforms) = postSolution
		{2C53C46C-B8D8-4B97-BB35-AC29340EF536}.Debug|Any CPU.ActiveCfg = Debug|Any CPU
		{2C53C46C-B8D8-4B97-BB35-AC29340EF536}.Debug|Any CPU.Build.0 = Debug|Any CPU
		{2C53C46C-B8D8-4B97-BB35-AC29340EF536}.Release|Any CPU.ActiveCfg = Release|Any CPU
		{2C53C46C-B8D8-4B97-BB35-AC29340EF536}.Release|Any CPU.Build.0 = Release|Any CPU
		{95E4C641-39AB-4F62-AD4B-FD475EE74FB7}.Debug|Any CPU.ActiveCfg = Debug|Any CPU
		{95E4C641-39AB-4F62-AD4B-FD475EE74FB7}.Debug|Any CPU.Build.0 = Debug|Any CPU
		{95E4C641-39AB-4F62-AD4B-FD475EE74FB7}.Release|Any CPU.ActiveCfg = Release|Any CPU
		{95E4C641-39AB-4F62-AD4B-FD475EE74FB7}.Release|Any CPU.Build.0 = Release|Any CPU
	EndGlobalSection
	GlobalSection(SolutionProperties) = preSolution
		HideSolutionNode = FALSE
	EndGlobalSection
	GlobalSection(NestedProjects) = preSolution
		{2C53C46C-B8D8-4B97-BB35-AC29340EF536} = {75C02483-3879-4241-91F9-7C1EA3F7A7FE}
		{95E4C641-39AB-4F62-AD4B-FD475EE74FB7} = {75C02483-3879-4241-91F9-7C1EA3F7A7FE}
	EndGlobalSection
	GlobalSection(ExtensibilityGlobals) = postSolution
		SolutionGuid = {7B3C6D29-5E05-4A03-8BFE-8EE9E15B67E4}
	EndGlobalSection
EndGlobal
