
Microsoft Visual Studio Solution File, Format Version 12.00
# Visual Studio Version 17
VisualStudioVersion = 17.5.002.0
MinimumVisualStudioVersion = 10.0.40219.1
Project("{2150E333-8FDC-42A3-9474-1A3956D46DE8}") = "Week06", "Week06", "{75C02483-3879-4241-91F9-7C1EA3F7A7FE}"
EndProject
Project("{FAE04EC0-301F-11D3-BF4B-00C04F79EFBC}") = "Polymorphism", "Week06\Polymorphism\Polymorphism.csproj", "{2C53C46C-B8D8-4B97-BB35-AC29340EF536}"
EndProject
Project("{FAE04EC0-301F-11D3-BF4B-00C04F79EFBC}") = "Interface", "Week06\Interface\Interface.csproj", "{95E4C641-39AB-4F62-AD4B-FD475EE74FB7}"
EndProject
Project("{2150E333-8FDC-42A3-9474-1A3956D46DE8}") = "Week05", "Week05", "{0F5A8DE8-BD5F-4CB7-9498-C3453835C6B4}"
EndProject
Project("{FAE04EC0-301F-11D3-BF4B-00C04F79EFBC}") = "Inheritance", "Week05\Inheritance\Inheritance.csproj", "{BDA027BA-619C-4EA7-B207-08830C8F13DA}"
EndProject
Project("{FAE04EC0-301F-11D3-BF4B-00C04F79EFBC}") = "AggregationComposition", "Week05\AggregationComposition\AggregationComposition.csproj", "{24336D9A-633F-4511-A903-ACD03D98CA21}"
EndProject
Project("{FAE04EC0-301F-11D3-BF4B-00C04F79EFBC}") = "SealedAbstract", "Week05\SealedAbstract\SealedAbstract.csproj", "{0D60B881-D4FE-46C0-A400-49AB7F90F324}"
EndProject
Project("{2150E333-8FDC-42A3-9474-1A3956D46DE8}") = "Week04", "Week04", "{684F2203-54F1-4C1D-8E95-173EB34AE54F}"
EndProject
Project("{FAE04EC0-301F-11D3-BF4B-00C04F79EFBC}") = "Serialization", "Week04\Serialization\Serialization.csproj", "{56BB1DC0-51BB-4FCA-8D38-2A5EFB0AC2CC}"
EndProject
Project("{FAE04EC0-301F-11D3-BF4B-00C04F79EFBC}") = "Fields", "Fields\Fields.csproj", "{1550A7E2-DDA2-4A84-B9E8-D68F758D6BB5}"
EndProject
Project("{FAE04EC0-301F-11D3-BF4B-00C04F79EFBC}") = "Methods", "Methods\Methods.csproj", "{C033E0A2-60DE-49BC-802A-43B1A34BD1CB}"
EndProject
Project("{FAE04EC0-301F-11D3-BF4B-00C04F79EFBC}") = "Constructors", "Constructors\Constructors.csproj", "{139B1100-0254-4FAA-985A-21DFDF0E2732}"
EndProject
Project("{FAE04EC0-301F-11D3-BF4B-00C04F79EFBC}") = "Properties", "Properties\Properties.csproj", "{BA2598F4-4C04-418F-9D49-7862C4C15A6B}"
EndProject
Project("{FAE04EC0-301F-11D3-BF4B-00C04F79EFBC}") = "List", "List\List.csproj", "{9D08AE39-69EF-4041-AD80-80B93309DBC9}"
EndProject
Project("{FAE04EC0-301F-11D3-BF4B-00C04F79EFBC}") = "Enum", "Enum\Enum.csproj", "{CCB014FF-D9BD-4219-BBE5-1506DA3E32A1}"
EndProject
Project("{FAE04EC0-301F-11D3-BF4B-00C04F79EFBC}") = "FileIO", "FileIO\FileIO.csproj", "{4A5B76B1-9936-4560-B297-A365C85BA4B7}"
EndProject
Project("{FAE04EC0-301F-11D3-BF4B-00C04F79EFBC}") = "Static", "Static\Static.csproj", "{1BB588F5-763D-4E44-A2F5-8412AA999AD2}"
EndProject
Project("{FAE04EC0-301F-11D3-BF4B-00C04F79EFBC}") = "ClassProperties", "ClassProperties\ClassProperties.csproj", "{34883ED6-6DB9-4D6B-B074-64D0D709AE67}"
EndProject
Project("{FAE04EC0-301F-11D3-BF4B-00C04F79EFBC}") = "Class", "Class\Class.csproj", "{30965CEC-F336-43DB-8BF2-0C8B4AA22D9F}"
EndProject
Project("{FAE04EC0-301F-11D3-BF4B-00C04F79EFBC}") = "OperatorOverloading", "OperatorOverloading\OperatorOverloading.csproj", "{5D8CE42D-28AD-4452-99AE-961862C84A3F}"
EndProject
Project("{FAE04EC0-301F-11D3-BF4B-00C04F79EFBC}") = "PartialNested", "PartialNested\PartialNested.csproj", "{FC55D0A1-1AD3-469B-9ADE-CF0EE08F7E9F}"
EndProject
Project("{FAE04EC0-301F-11D3-BF4B-00C04F79EFBC}") = "Serialization", "Serialization\Serialization.csproj", "{D5F93908-BDFE-4979-B314-5633BED1EE13}"
EndProject
Project("{FAE04EC0-301F-11D3-BF4B-00C04F79EFBC}") = "Inheritance", "Inheritance\Inheritance.csproj", "{C1BD03EC-E8BA-4CC3-8B66-ED5F0D049D7A}"
EndProject
Project("{FAE04EC0-301F-11D3-BF4B-00C04F79EFBC}") = "AggregationComposition", "AggregationComposition\AggregationComposition.csproj", "{ECA373DC-AE96-4E12-85D4-990F164353FE}"
EndProject
Project("{FAE04EC0-301F-11D3-BF4B-00C04F79EFBC}") = "SealedAbstract", "SealedAbstract\SealedAbstract.csproj", "{A45D1067-9275-40B8-B522-00A527865467}"
EndProject
Project("{FAE04EC0-301F-11D3-BF4B-00C04F79EFBC}") = "Polymorphism", "Polymorphism\Polymorphism.csproj", "{7371A1A1-01D0-4477-BDD6-743F3DDC5121}"
EndProject
Project("{FAE04EC0-301F-11D3-BF4B-00C04F79EFBC}") = "Interface", "Interface\Interface.csproj", "{66EF72B2-095A-495F-9EF1-0264D0DD3BE0}"
EndProject
Global
	GlobalSection(SolutionConfigurationPlatforms) = preSolution
		Debug|Any CPU = Debug|Any CPU
		Release|Any CPU = Release|Any CPU
	EndGlobalSection
	GlobalSection(ProjectConfigurationPlatforms) = postSolution
		{2C53C46C-B8D8-4B97-BB35-AC29340EF536}.Debug|Any CPU.ActiveCfg = Debug|Any CPU
		{2C53C46C-B8D8-4B97-BB35-AC29340EF536}.Debug|Any CPU.Build.0 = Debug|Any CPU
		{2C53C46C-B8D8-4B97-BB35-AC29340EF536}.Release|Any CPU.ActiveCfg = Release|Any CPU
		{2C53C46C-B8D8-4B97-BB35-AC29340EF536}.Release|Any CPU.Build.0 = Release|Any CPU
		{95E4C641-39AB-4F62-AD4B-FD475EE74FB7}.Debug|Any CPU.ActiveCfg = Debug|Any CPU
		{95E4C641-39AB-4F62-AD4B-FD475EE74FB7}.Debug|Any CPU.Build.0 = Debug|Any CPU
		{95E4C641-39AB-4F62-AD4B-FD475EE74FB7}.Release|Any CPU.ActiveCfg = Release|Any CPU
		{95E4C641-39AB-4F62-AD4B-FD475EE74FB7}.Release|Any CPU.Build.0 = Release|Any CPU
		{BDA027BA-619C-4EA7-B207-08830C8F13DA}.Debug|Any CPU.ActiveCfg = Debug|Any CPU
		{BDA027BA-619C-4EA7-B207-08830C8F13DA}.Debug|Any CPU.Build.0 = Debug|Any CPU
		{BDA027BA-619C-4EA7-B207-08830C8F13DA}.Release|Any CPU.ActiveCfg = Release|Any CPU
		{BDA027BA-619C-4EA7-B207-08830C8F13DA}.Release|Any CPU.Build.0 = Release|Any CPU
		{24336D9A-633F-4511-A903-ACD03D98CA21}.Debug|Any CPU.ActiveCfg = Debug|Any CPU
		{24336D9A-633F-4511-A903-ACD03D98CA21}.Debug|Any CPU.Build.0 = Debug|Any CPU
		{24336D9A-633F-4511-A903-ACD03D98CA21}.Release|Any CPU.ActiveCfg = Release|Any CPU
		{24336D9A-633F-4511-A903-ACD03D98CA21}.Release|Any CPU.Build.0 = Release|Any CPU
		{0D60B881-D4FE-46C0-A400-49AB7F90F324}.Debug|Any CPU.ActiveCfg = Debug|Any CPU
		{0D60B881-D4FE-46C0-A400-49AB7F90F324}.Debug|Any CPU.Build.0 = Debug|Any CPU
		{0D60B881-D4FE-46C0-A400-49AB7F90F324}.Release|Any CPU.ActiveCfg = Release|Any CPU
		{0D60B881-D4FE-46C0-A400-49AB7F90F324}.Release|Any CPU.Build.0 = Release|Any CPU
		{56BB1DC0-51BB-4FCA-8D38-2A5EFB0AC2CC}.Debug|Any CPU.ActiveCfg = Debug|Any CPU
		{56BB1DC0-51BB-4FCA-8D38-2A5EFB0AC2CC}.Debug|Any CPU.Build.0 = Debug|Any CPU
		{56BB1DC0-51BB-4FCA-8D38-2A5EFB0AC2CC}.Release|Any CPU.ActiveCfg = Release|Any CPU
		{56BB1DC0-51BB-4FCA-8D38-2A5EFB0AC2CC}.Release|Any CPU.Build.0 = Release|Any CPU
		{1550A7E2-DDA2-4A84-B9E8-D68F758D6BB5}.Debug|Any CPU.ActiveCfg = Debug|Any CPU
		{1550A7E2-DDA2-4A84-B9E8-D68F758D6BB5}.Debug|Any CPU.Build.0 = Debug|Any CPU
		{1550A7E2-DDA2-4A84-B9E8-D68F758D6BB5}.Release|Any CPU.ActiveCfg = Release|Any CPU
		{1550A7E2-DDA2-4A84-B9E8-D68F758D6BB5}.Release|Any CPU.Build.0 = Release|Any CPU
		{C033E0A2-60DE-49BC-802A-43B1A34BD1CB}.Debug|Any CPU.ActiveCfg = Debug|Any CPU
		{C033E0A2-60DE-49BC-802A-43B1A34BD1CB}.Debug|Any CPU.Build.0 = Debug|Any CPU
		{C033E0A2-60DE-49BC-802A-43B1A34BD1CB}.Release|Any CPU.ActiveCfg = Release|Any CPU
		{C033E0A2-60DE-49BC-802A-43B1A34BD1CB}.Release|Any CPU.Build.0 = Release|Any CPU
		{139B1100-0254-4FAA-985A-21DFDF0E2732}.Debug|Any CPU.ActiveCfg = Debug|Any CPU
		{139B1100-0254-4FAA-985A-21DFDF0E2732}.Debug|Any CPU.Build.0 = Debug|Any CPU
		{139B1100-0254-4FAA-985A-21DFDF0E2732}.Release|Any CPU.ActiveCfg = Release|Any CPU
		{139B1100-0254-4FAA-985A-21DFDF0E2732}.Release|Any CPU.Build.0 = Release|Any CPU
		{BA2598F4-4C04-418F-9D49-7862C4C15A6B}.Debug|Any CPU.ActiveCfg = Debug|Any CPU
		{BA2598F4-4C04-418F-9D49-7862C4C15A6B}.Debug|Any CPU.Build.0 = Debug|Any CPU
		{BA2598F4-4C04-418F-9D49-7862C4C15A6B}.Release|Any CPU.ActiveCfg = Release|Any CPU
		{BA2598F4-4C04-418F-9D49-7862C4C15A6B}.Release|Any CPU.Build.0 = Release|Any CPU
		{9D08AE39-69EF-4041-AD80-80B93309DBC9}.Debug|Any CPU.ActiveCfg = Debug|Any CPU
		{9D08AE39-69EF-4041-AD80-80B93309DBC9}.Debug|Any CPU.Build.0 = Debug|Any CPU
		{9D08AE39-69EF-4041-AD80-80B93309DBC9}.Release|Any CPU.ActiveCfg = Release|Any CPU
		{9D08AE39-69EF-4041-AD80-80B93309DBC9}.Release|Any CPU.Build.0 = Release|Any CPU
		{CCB014FF-D9BD-4219-BBE5-1506DA3E32A1}.Debug|Any CPU.ActiveCfg = Debug|Any CPU
		{CCB014FF-D9BD-4219-BBE5-1506DA3E32A1}.Debug|Any CPU.Build.0 = Debug|Any CPU
		{CCB014FF-D9BD-4219-BBE5-1506DA3E32A1}.Release|Any CPU.ActiveCfg = Release|Any CPU
		{CCB014FF-D9BD-4219-BBE5-1506DA3E32A1}.Release|Any CPU.Build.0 = Release|Any CPU
		{4A5B76B1-9936-4560-B297-A365C85BA4B7}.Debug|Any CPU.ActiveCfg = Debug|Any CPU
		{4A5B76B1-9936-4560-B297-A365C85BA4B7}.Debug|Any CPU.Build.0 = Debug|Any CPU
		{4A5B76B1-9936-4560-B297-A365C85BA4B7}.Release|Any CPU.ActiveCfg = Release|Any CPU
		{4A5B76B1-9936-4560-B297-A365C85BA4B7}.Release|Any CPU.Build.0 = Release|Any CPU
		{1BB588F5-763D-4E44-A2F5-8412AA999AD2}.Debug|Any CPU.ActiveCfg = Debug|Any CPU
		{1BB588F5-763D-4E44-A2F5-8412AA999AD2}.Debug|Any CPU.Build.0 = Debug|Any CPU
		{1BB588F5-763D-4E44-A2F5-8412AA999AD2}.Release|Any CPU.ActiveCfg = Release|Any CPU
		{1BB588F5-763D-4E44-A2F5-8412AA999AD2}.Release|Any CPU.Build.0 = Release|Any CPU
		{34883ED6-6DB9-4D6B-B074-64D0D709AE67}.Debug|Any CPU.ActiveCfg = Debug|Any CPU
		{34883ED6-6DB9-4D6B-B074-64D0D709AE67}.Debug|Any CPU.Build.0 = Debug|Any CPU
		{34883ED6-6DB9-4D6B-B074-64D0D709AE67}.Release|Any CPU.ActiveCfg = Release|Any CPU
		{34883ED6-6DB9-4D6B-B074-64D0D709AE67}.Release|Any CPU.Build.0 = Release|Any CPU
		{30965CEC-F336-43DB-8BF2-0C8B4AA22D9F}.Debug|Any CPU.ActiveCfg = Debug|Any CPU
		{30965CEC-F336-43DB-8BF2-0C8B4AA22D9F}.Debug|Any CPU.Build.0 = Debug|Any CPU
		{30965CEC-F336-43DB-8BF2-0C8B4AA22D9F}.Release|Any CPU.ActiveCfg = Release|Any CPU
		{30965CEC-F336-43DB-8BF2-0C8B4AA22D9F}.Release|Any CPU.Build.0 = Release|Any CPU
		{5D8CE42D-28AD-4452-99AE-961862C84A3F}.Debug|Any CPU.ActiveCfg = Debug|Any CPU
		{5D8CE42D-28AD-4452-99AE-961862C84A3F}.Debug|Any CPU.Build.0 = Debug|Any CPU
		{5D8CE42D-28AD-4452-99AE-961862C84A3F}.Release|Any CPU.ActiveCfg = Release|Any CPU
		{5D8CE42D-28AD-4452-99AE-961862C84A3F}.Release|Any CPU.Build.0 = Release|Any CPU
		{FC55D0A1-1AD3-469B-9ADE-CF0EE08F7E9F}.Debug|Any CPU.ActiveCfg = Debug|Any CPU
		{FC55D0A1-1AD3-469B-9ADE-CF0EE08F7E9F}.Debug|Any CPU.Build.0 = Debug|Any CPU
		{FC55D0A1-1AD3-469B-9ADE-CF0EE08F7E9F}.Release|Any CPU.ActiveCfg = Release|Any CPU
		{FC55D0A1-1AD3-469B-9ADE-CF0EE08F7E9F}.Release|Any CPU.Build.0 = Release|Any CPU
		{D5F93908-BDFE-4979-B314-5633BED1EE13}.Debug|Any CPU.ActiveCfg = Debug|Any CPU
		{D5F93908-BDFE-4979-B314-5633BED1EE13}.Debug|Any CPU.Build.0 = Debug|Any CPU
		{D5F93908-BDFE-4979-B314-5633BED1EE13}.Release|Any CPU.ActiveCfg = Release|Any CPU
		{D5F93908-BDFE-4979-B314-5633BED1EE13}.Release|Any CPU.Build.0 = Release|Any CPU
		{C1BD03EC-E8BA-4CC3-8B66-ED5F0D049D7A}.Debug|Any CPU.ActiveCfg = Debug|Any CPU
		{C1BD03EC-E8BA-4CC3-8B66-ED5F0D049D7A}.Debug|Any CPU.Build.0 = Debug|Any CPU
		{C1BD03EC-E8BA-4CC3-8B66-ED5F0D049D7A}.Release|Any CPU.ActiveCfg = Release|Any CPU
		{C1BD03EC-E8BA-4CC3-8B66-ED5F0D049D7A}.Release|Any CPU.Build.0 = Release|Any CPU
		{ECA373DC-AE96-4E12-85D4-990F164353FE}.Debug|Any CPU.ActiveCfg = Debug|Any CPU
		{ECA373DC-AE96-4E12-85D4-990F164353FE}.Debug|Any CPU.Build.0 = Debug|Any CPU
		{ECA373DC-AE96-4E12-85D4-990F164353FE}.Release|Any CPU.ActiveCfg = Release|Any CPU
		{ECA373DC-AE96-4E12-85D4-990F164353FE}.Release|Any CPU.Build.0 = Release|Any CPU
		{A45D1067-9275-40B8-B522-00A527865467}.Debug|Any CPU.ActiveCfg = Debug|Any CPU
		{A45D1067-9275-40B8-B522-00A527865467}.Debug|Any CPU.Build.0 = Debug|Any CPU
		{A45D1067-9275-40B8-B522-00A527865467}.Release|Any CPU.ActiveCfg = Release|Any CPU
		{A45D1067-9275-40B8-B522-00A527865467}.Release|Any CPU.Build.0 = Release|Any CPU
		{7371A1A1-01D0-4477-BDD6-743F3DDC5121}.Debug|Any CPU.ActiveCfg = Debug|Any CPU
		{7371A1A1-01D0-4477-BDD6-743F3DDC5121}.Debug|Any CPU.Build.0 = Debug|Any CPU
		{7371A1A1-01D0-4477-BDD6-743F3DDC5121}.Release|Any CPU.ActiveCfg = Release|Any CPU
		{7371A1A1-01D0-4477-BDD6-743F3DDC5121}.Release|Any CPU.Build.0 = Release|Any CPU
		{66EF72B2-095A-495F-9EF1-0264D0DD3BE0}.Debug|Any CPU.ActiveCfg = Debug|Any CPU
		{66EF72B2-095A-495F-9EF1-0264D0DD3BE0}.Debug|Any CPU.Build.0 = Debug|Any CPU
		{66EF72B2-095A-495F-9EF1-0264D0DD3BE0}.Release|Any CPU.ActiveCfg = Release|Any CPU
		{66EF72B2-095A-495F-9EF1-0264D0DD3BE0}.Release|Any CPU.Build.0 = Release|Any CPU
	EndGlobalSection
	GlobalSection(SolutionProperties) = preSolution
		HideSolutionNode = FALSE
	EndGlobalSection
	GlobalSection(NestedProjects) = preSolution
		{2C53C46C-B8D8-4B97-BB35-AC29340EF536} = {75C02483-3879-4241-91F9-7C1EA3F7A7FE}
		{95E4C641-39AB-4F62-AD4B-FD475EE74FB7} = {75C02483-3879-4241-91F9-7C1EA3F7A7FE}
		{BDA027BA-619C-4EA7-B207-08830C8F13DA} = {0F5A8DE8-BD5F-4CB7-9498-C3453835C6B4}
		{24336D9A-633F-4511-A903-ACD03D98CA21} = {0F5A8DE8-BD5F-4CB7-9498-C3453835C6B4}
		{0D60B881-D4FE-46C0-A400-49AB7F90F324} = {0F5A8DE8-BD5F-4CB7-9498-C3453835C6B4}
		{56BB1DC0-51BB-4FCA-8D38-2A5EFB0AC2CC} = {684F2203-54F1-4C1D-8E95-173EB34AE54F}
	EndGlobalSection
	GlobalSection(ExtensibilityGlobals) = postSolution
		SolutionGuid = {7B3C6D29-5E05-4A03-8BFE-8EE9E15B67E4}
	EndGlobalSection
EndGlobal
